
Microsoft Visual Studio Solution File, Format Version 12.00
# Visual Studio Version 17
VisualStudioVersion = 17.14.37301.10 d17.14
MinimumVisualStudioVersion = 10.0.40219.1
Project("{FAE04EC0-301F-11D3-BF4B-00C04F79EFBC}") = "RandomCursor", "RandomCursor\RandomCursor.csproj", "{FD3ACF9B-2E5F-4D24-96D8-D4F14E1A73AF}"
EndProject
Global
	GlobalSection(SolutionConfigurationPlatforms) = preSolution
		Debug|Any CPU = Debug|Any CPU
		Release|Any CPU = Release|Any CPU
	EndGlobalSection
	GlobalSection(ProjectConfigurationPlatforms) = postSolution
		{FD3ACF9B-2E5F-4D24-96D8-D4F14E1A73AF}.Debug|Any CPU.ActiveCfg = Debug|Any CPU
		{FD3ACF9B-2E5F-4D24-96D8-D4F14E1A73AF}.Debug|Any CPU.Build.0 = Debug|Any CPU
		{FD3ACF9B-2E5F-4D24-96D8-D4F14E1A73AF}.Release|Any CPU.ActiveCfg = Release|Any CPU
		{FD3ACF9B-2E5F-4D24-96D8-D4F14E1A73AF}.Release|Any CPU.Build.0 = Release|Any CPU
	EndGlobalSection
	GlobalSection(SolutionProperties) = preSolution
		HideSolutionNode = FALSE
	EndGlobalSection
	GlobalSection(ExtensibilityGlobals) = postSolution
		SolutionGuid = {0AFCCC37-B62C-4033-AC80-F97253A0C65D}
	EndGlobalSection
EndGlobal
